%{
  "bintree": {:hex, :bintree, "1.1.1", "440fda5ba2acecf5f3c22e3d295242c2e66201f13fbebaf6048b0284f5f05279", [:mix], [{:markex, "~> 1.1", [hex: :markex, repo: "hexpm", optional: false]}], "hexpm", "3b035de4269b7b9954abcabe9a5c70228ee04a10072dfaeaf72d71fb7bdbd364"},
  "markex": {:hex, :markex, "1.1.0", "2d36704d86aab244a4a054efa51f5ed8d57dec3874c09889f08d91b52409969d", [:mix], [], "hexpm", "4cba16249bfcf4cea24671ee0803036649772afeaf84fbb8284939e4923ce123"},
}
